
Microsoft Visual Studio Solution File, Format Version 12.00
# Visual Studio Version 16
VisualStudioVersion = 16.0.30114.105
MinimumVisualStudioVersion = 10.0.40219.1
Project("{FAE04EC0-301F-11D3-BF4B-00C04F79EFBC}") = "SudokuEngine", "SudokuEngine\SudokuEngine.csproj", "{012C1C7F-2B92-45BD-BEBF-D850B9477CB0}"
EndProject
Project("{FAE04EC0-301F-11D3-BF4B-00C04F79EFBC}") = "SudokuEngineTests", "SudokuEngineTests\SudokuEngineTests.csproj", "{FA8140FF-9CE4-4C6F-9223-095A4F97F021}"
EndProject
Project("{FAE04EC0-301F-11D3-BF4B-00C04F79EFBC}") = "DailySudoku", "DailySudoku\DailySudoku.csproj", "{F39EC14B-AE75-4E58-882F-E0789AA77135}"
EndProject
Project("{FAE04EC0-301F-11D3-BF4B-00C04F79EFBC}") = "DailySudokuPWA", "DailySudokuPWA\DailySudokuPWA.csproj", "{4B0C07F7-03C1-464A-96DA-B6AD57B25C3B}"
EndProject
Global
	GlobalSection(SolutionConfigurationPlatforms) = preSolution
		Debug|Any CPU = Debug|Any CPU
		Release|Any CPU = Release|Any CPU
	EndGlobalSection
	GlobalSection(SolutionProperties) = preSolution
		HideSolutionNode = FALSE
	EndGlobalSection
	GlobalSection(ProjectConfigurationPlatforms) = postSolution
		{012C1C7F-2B92-45BD-BEBF-D850B9477CB0}.Debug|Any CPU.ActiveCfg = Debug|Any CPU
		{012C1C7F-2B92-45BD-BEBF-D850B9477CB0}.Debug|Any CPU.Build.0 = Debug|Any CPU
		{012C1C7F-2B92-45BD-BEBF-D850B9477CB0}.Release|Any CPU.ActiveCfg = Release|Any CPU
		{012C1C7F-2B92-45BD-BEBF-D850B9477CB0}.Release|Any CPU.Build.0 = Release|Any CPU
		{FA8140FF-9CE4-4C6F-9223-095A4F97F021}.Debug|Any CPU.ActiveCfg = Debug|Any CPU
		{FA8140FF-9CE4-4C6F-9223-095A4F97F021}.Debug|Any CPU.Build.0 = Debug|Any CPU
		{FA8140FF-9CE4-4C6F-9223-095A4F97F021}.Release|Any CPU.ActiveCfg = Release|Any CPU
		{FA8140FF-9CE4-4C6F-9223-095A4F97F021}.Release|Any CPU.Build.0 = Release|Any CPU
		{F39EC14B-AE75-4E58-882F-E0789AA77135}.Debug|Any CPU.ActiveCfg = Debug|Any CPU
		{F39EC14B-AE75-4E58-882F-E0789AA77135}.Debug|Any CPU.Build.0 = Debug|Any CPU
		{F39EC14B-AE75-4E58-882F-E0789AA77135}.Release|Any CPU.ActiveCfg = Release|Any CPU
		{F39EC14B-AE75-4E58-882F-E0789AA77135}.Release|Any CPU.Build.0 = Release|Any CPU
		{4B0C07F7-03C1-464A-96DA-B6AD57B25C3B}.Debug|Any CPU.ActiveCfg = Debug|Any CPU
		{4B0C07F7-03C1-464A-96DA-B6AD57B25C3B}.Debug|Any CPU.Build.0 = Debug|Any CPU
		{4B0C07F7-03C1-464A-96DA-B6AD57B25C3B}.Release|Any CPU.ActiveCfg = Release|Any CPU
		{4B0C07F7-03C1-464A-96DA-B6AD57B25C3B}.Release|Any CPU.Build.0 = Release|Any CPU
	EndGlobalSection
EndGlobal
